// !$*UTF8*$!
{
	archiveVersion = 1;
	classes = {
	};
	objectVersion = 46;
	objects = {

/* Begin PBXBuildFile section */
		A70FB5A01DB661DF00CA5DCE /* main.m in Sources */ = {isa = PBXBuildFile; fileRef = A70FB59F1DB661DF00CA5DCE /* main.m */; };
		A70FB5A31DB661DF00CA5DCE /* AppDelegate.m in Sources */ = {isa = PBXBuildFile; fileRef = A70FB5A21DB661DF00CA5DCE /* AppDelegate.m */; };
		A70FB5A61DB661DF00CA5DCE /* ViewController.m in Sources */ = {isa = PBXBuildFile; fileRef = A70FB5A51DB661DF00CA5DCE /* ViewController.m */; };
		A70FB5A91DB661DF00CA5DCE /* Main.storyboard in Resources */ = {isa = PBXBuildFile; fileRef = A70FB5A71DB661DF00CA5DCE /* Main.storyboard */; };
		A70FB5AB1DB661DF00CA5DCE /* Assets.xcassets in Resources */ = {isa = PBXBuildFile; fileRef = A70FB5AA1DB661DF00CA5DCE /* Assets.xcassets */; };
		A70FB5AE1DB661DF00CA5DCE /* LaunchScreen.storyboard in Resources */ = {isa = PBXBuildFile; fileRef = A70FB5AC1DB661DF00CA5DCE /* LaunchScreen.storyboard */; };
/* End PBXBuildFile section */

/* Begin PBXFileReference section */
		A70FB59B1DB661DF00CA5DCE /* KefBytes_SortArrayOfDictionaries.app */ = {isa = PBXFileReference; explicitFileType = wrapper.application; includeInIndex = 0; path = KefBytes_SortArrayOfDictionaries.app; sourceTree = BUILT_PRODUCTS_DIR; };
		A70FB59F1DB661DF00CA5DCE /* main.m */ = {isa = PBXFileReference; lastKnownFileType = sourcecode.c.objc; path = main.m; sourceTree = "<group>"; };
		A70FB5A11DB661DF00CA5DCE /* AppDelegate.h */ = {isa = PBXFileReference; lastKnownFileType = sourcecode.c.h; path = AppDelegate.h; sourceTree = "<group>"; };
		A70FB5A21DB661DF00CA5DCE /* AppDelegate.m */ = {isa = PBXFileReference; lastKnownFileType = sourcecode.c.objc; path = AppDelegate.m; sourceTree = "<group>"; };
		A70FB5A41DB661DF00CA5DCE /* ViewController.h */ = {isa = PBXFileReference; lastKnownFileType = sourcecode.c.h; path = ViewController.h; sourceTree = "<group>"; };
		A70FB5A51DB661DF00CA5DCE /* ViewController.m */ = {isa = PBXFileReference; lastKnownFileType = sourcecode.c.objc; path = ViewController.m; sourceTree = "<group>"; };
		A70FB5A81DB661DF00CA5DCE /* Base */ = {isa = PBXFileReference; lastKnownFileType = file.storyboard; name = Base; path = Base.lproj/Main.storyboard; sourceTree = "<group>"; };
		A70FB5AA1DB661DF00CA5DCE /* Assets.xcassets */ = {isa = PBXFileReference; lastKnownFileType = folder.assetcatalog; path = Assets.xcassets; sourceTree = "<group>"; };
		A70FB5AD1DB661DF00CA5DCE /* Base */ = {isa = PBXFileReference; lastKnownFileType = file.storyboard; name = Base; path = Base.lproj/LaunchScreen.storyboard; sourceTree = "<group>"; };
		A70FB5AF1DB661DF00CA5DCE /* Info.plist */ = {isa = PBXFileReference; lastKnownFileType = text.plist.xml; path = Info.plist; sourceTree = "<group>"; };
/* End PBXFileReference section */

/* Begin PBXFrameworksBuildPhase section */
		A70FB5981DB661DF00CA5DCE /* Frameworks */ = {
			isa = PBXFrameworksBuildPhase;
			buildActionMask = 2147483647;
			files = (
			);
			runOnlyForDeploymentPostprocessing = 0;
		};
/* End PBXFrameworksBuildPhase section */

/* Begin PBXGroup section */
		A70FB5921DB661DF00CA5DCE = {
			isa = PBXGroup;
			children = (
				A70FB59D1DB661DF00CA5DCE /* KefBytes_SortArrayOfDictionaries */,
				A70FB59C1DB661DF00CA5DCE /* Products */,
			);
			sourceTree = "<group>";
		};
		A70FB59C1DB661DF00CA5DCE /* Products */ = {
			isa = PBXGroup;
			children = (
				A70FB59B1DB661DF00CA5DCE /* KefBytes_SortArrayOfDictionaries.app */,
			);
			name = Products;
			sourceTree = "<group>";
		};
		A70FB59D1DB661DF00CA5DCE /* KefBytes_SortArrayOfDictionaries */ = {
			isa = PBXGroup;
			children = (
				A70FB5A11DB661DF00CA5DCE /* AppDelegate.h */,
				A70FB5A21DB661DF00CA5DCE /* AppDelegate.m */,
				A70FB5A41DB661DF00CA5DCE /* ViewController.h */,
				A70FB5A51DB661DF00CA5DCE /* ViewController.m */,
				A70FB5A71DB661DF00CA5DCE /* Main.storyboard */,
				A70FB5AA1DB661DF00CA5DCE /* Assets.xcassets */,
				A70FB5AC1DB661DF00CA5DCE /* LaunchScreen.storyboard */,
				A70FB5AF1DB661DF00CA5DCE /* Info.plist */,
				A70FB59E1DB661DF00CA5DCE /* Supporting Files */,
			);
			path = KefBytes_SortArrayOfDictionaries;
			sourceTree = "<group>";
		};
		A70FB59E1DB661DF00CA5DCE /* Supporting Files */ = {
			isa = PBXGroup;
			children = (
				A70FB59F1DB661DF00CA5DCE /* main.m */,
			);
			name = "Supporting Files";
			sourceTree = "<group>";
		};
/* End PBXGroup section */

/* Begin PBXNativeTarget section */
		A70FB59A1DB661DF00CA5DCE /* KefBytes_SortArrayOfDictionaries */ = {
			isa = PBXNativeTarget;
			buildConfigurationList = A70FB5B21DB661DF00CA5DCE /* Build configuration list for PBXNativeTarget "KefBytes_SortArrayOfDictionaries" */;
			buildPhases = (
				A70FB5971DB661DF00CA5DCE /* Sources */,
				A70FB5981DB661DF00CA5DCE /* Frameworks */,
				A70FB5991DB661DF00CA5DCE /* Resources */,
			);
			buildRules = (
			);
			dependencies = (
			);
			name = KefBytes_SortArrayOfDictionaries;
			productName = KefBytes_SortArrayOfDictionaries;
			productReference = A70FB59B1DB661DF00CA5DCE /* KefBytes_SortArrayOfDictionaries.app */;
			productType = "com.apple.product-type.application";
		};
/* End PBXNativeTarget section */

/* Begin PBXProject section */
		A70FB5931DB661DF00CA5DCE /* Project object */ = {
			isa = PBXProject;
			attributes = {
				LastUpgradeCheck = 0730;
				ORGANIZATIONNAME = KefBytes;
				TargetAttributes = {
					A70FB59A1DB661DF00CA5DCE = {
						CreatedOnToolsVersion = 7.3.1;
					};
				};
			};
			buildConfigurationList = A70FB5961DB661DF00CA5DCE /* Build configuration list for PBXProject "KefBytes_SortArrayOfDictionaries" */;
			compatibilityVersion = "Xcode 3.2";
			developmentRegion = English;
			hasScannedForEncodings = 0;
			knownRegions = (
				en,
				Base,
			);
			mainGroup = A70FB5921DB661DF00CA5DCE;
			productRefGroup = A70FB59C1DB661DF00CA5DCE /* Products */;
			projectDirPath = "";
			projectRoot = "";
			targets = (
				A70FB59A1DB661DF00CA5DCE /* KefBytes_SortArrayOfDictionaries */,
			);
		};
/* End PBXProject section */

/* Begin PBXResourcesBuildPhase section */
		A70FB5991DB661DF00CA5DCE /* Resources */ = {
			isa = PBXResourcesBuildPhase;
			buildActionMask = 2147483647;
			files = (
				A70FB5AE1DB661DF00CA5DCE /* LaunchScreen.storyboard in Resources */,
				A70FB5AB1DB661DF00CA5DCE /* Assets.xcassets in Resources */,
				A70FB5A91DB661DF00CA5DCE /* Main.storyboard in Resources */,
			);
			runOnlyForDeploymentPostprocessing = 0;
		};
/* End PBXResourcesBuildPhase section */

/* Begin PBXSourcesBuildPhase section */
		A70FB5971DB661DF00CA5DCE /* Sources */ = {
			isa = PBXSourcesBuildPhase;
			buildActionMask = 2147483647;
			files = (
				A70FB5A61DB661DF00CA5DCE /* ViewController.m in Sources */,
				A70FB5A31DB661DF00CA5DCE /* AppDelegate.m in Sources */,
				A70FB5A01DB661DF00CA5DCE /* main.m in Sources */,
			);
			runOnlyForDeploymentPostprocessing = 0;
		};
/* End PBXSourcesBuildPhase section */

/* Begin PBXVariantGroup section */
		A70FB5A71DB661DF00CA5DCE /* Main.storyboard */ = {
			isa = PBXVariantGroup;
			children = (
				A70FB5A81DB661DF00CA5DCE /* Base */,
			);
			name = Main.storyboard;
			sourceTree = "<group>";
		};
		A70FB5AC1DB661DF00CA5DCE /* LaunchScreen.storyboard */ = {
			isa = PBXVariantGroup;
			children = (
				A70FB5AD1DB661DF00CA5DCE /* Base */,
			);
			name = LaunchScreen.storyboard;
			sourceTree = "<group>";
		};
/* End PBXVariantGroup section */

/* Begin XCBuildConfiguration section */
		A70FB5B01DB661DF00CA5DCE /* Debug */ = {
			isa = XCBuildConfiguration;
			buildSettings = {
				ALWAYS_SEARCH_USER_PATHS = NO;
				CLANG_ANALYZER_NONNULL = YES;
				CLANG_CXX_LANGUAGE_STANDARD = "gnu++0x";
				CLANG_CXX_LIBRARY = "libc++";
				CLANG_ENABLE_MODULES = YES;
				CLANG_ENABLE_OBJC_ARC = YES;
				CLANG_WARN_BOOL_CONVERSION = YES;
				CLANG_WARN_CONSTANT_CONVERSION = YES;
				CLANG_WARN_DIRECT_OBJC_ISA_USAGE = YES_ERROR;
				CLANG_WARN_EMPTY_BODY = YES;
				CLANG_WARN_ENUM_CONVERSION = YES;
				CLANG_WARN_INT_CONVERSION = YES;
				CLANG_WARN_OBJC_ROOT_CLASS = YES_ERROR;
				CLANG_WARN_UNREACHABLE_CODE = YES;
				CLANG_WARN__DUPLICATE_METHOD_MATCH = YES;
				"CODE_SIGN_IDENTITY[sdk=iphoneos*]" = "iPhone Developer";
				COPY_PHASE_STRIP = NO;
				DEBUG_INFORMATION_FORMAT = dwarf;
				ENABLE_STRICT_OBJC_MSGSEND = YES;
				ENABLE_TESTABILITY = YES;
				GCC_C_LANGUAGE_STANDARD = gnu99;
				GCC_DYNAMIC_NO_PIC = NO;
				GCC_NO_COMMON_BLOCKS = YES;
				GCC_OPTIMIZATION_LEVEL = 0;
				GCC_PREPROCESSOR_DEFINITIONS = (
					"DEBUG=1",
					"$(inherited)",
				);
				GCC_WARN_64_TO_32_BIT_CONVERSION = YES;
				GCC_WARN_ABOUT_RETURN_TYPE = YES_ERROR;
				GCC_WARN_UNDECLARED_SELECTOR = YES;
				GCC_WARN_UNINITIALIZED_AUTOS = YES_AGGRESSIVE;
				GCC_WARN_UNUSED_FUNCTION = YES;
				GCC_WARN_UNUSED_VARIABLE = YES;
				IPHONEOS_DEPLOYMENT_TARGET = 9.3;
				MTL_ENABLE_DEBUG_INFO = YES;
				ONLY_ACTIVE_ARCH = YES;
				SDKROOT = iphoneos;
				TARGETED_DEVICE_FAMILY = "1,2";
			};
			name = Debug;
		};
		A70FB5B11DB661DF00CA5DCE /* Release */ = {
			isa = XCBuildConfiguration;
			buildSettings = {
				ALWAYS_SEARCH_USER_PATHS = NO;
				CLANG_ANALYZER_NONNULL = YES;
				CLANG_CXX_LANGUAGE_STANDARD = "gnu++0x";
				CLANG_CXX_LIBRARY = "libc++";
				CLANG_ENABLE_MODULES = YES;
				CLANG_ENABLE_OBJC_ARC = YES;
				CLANG_WARN_BOOL_CONVERSION = YES;
				CLANG_WARN_CONSTANT_CONVERSION = YES;
				CLANG_WARN_DIRECT_OBJC_ISA_USAGE = YES_ERROR;
				CLANG_WARN_EMPTY_BODY = YES;
				CLANG_WARN_ENUM_CONVERSION = YES;
				CLANG_WARN_INT_CONVERSION = YES;
				CLANG_WARN_OBJC_ROOT_CLASS = YES_ERROR;
				CLANG_WARN_UNREACHABLE_CODE = YES;
				CLANG_WARN__DUPLICATE_METHOD_MATCH = YES;
				"CODE_SIGN_IDENTITY[sdk=iphoneos*]" = "iPhone Developer";
				COPY_PHASE_STRIP = NO;
				DEBUG_INFORMATION_FORMAT = "dwarf-with-dsym";
				ENABLE_NS_ASSERTIONS = NO;
				ENABLE_STRICT_OBJC_MSGSEND = YES;
				GCC_C_LANGUAGE_STANDARD = gnu99;
				GCC_NO_COMMON_BLOCKS = YES;
				GCC_WARN_64_TO_32_BIT_CONVERSION = YES;
				GCC_WARN_ABOUT_RETURN_TYPE = YES_ERROR;
				GCC_WARN_UNDECLARED_SELECTOR = YES;
				GCC_WARN_UNINITIALIZED_AUTOS = YES_AGGRESSIVE;
				GCC_WARN_UNUSED_FUNCTION = YES;
				GCC_WARN_UNUSED_VARIABLE = YES;
				IPHONEOS_DEPLOYMENT_TARGET = 9.3;
				MTL_ENABLE_DEBUG_INFO = NO;
				SDKROOT = iphoneos;
				TARGETED_DEVICE_FAMILY = "1,2";
				VALIDATE_PRODUCT = YES;
			};
			name = Release;
		};
		A70FB5B31DB661DF00CA5DCE /* Debug */ = {
			isa = XCBuildConfiguration;
			buildSettings = {
				ASSETCATALOG_COMPILER_APPICON_NAME = AppIcon;
				INFOPLIST_FILE = KefBytes_SortArrayOfDictionaries/Info.plist;
				LD_RUNPATH_SEARCH_PATHS = "$(inherited) @executable_path/Frameworks";
				PRODUCT_BUNDLE_IDENTIFIER = "com.kefbytes.KefBytes-SortArrayOfDictionaries";
				PRODUCT_NAME = "$(TARGET_NAME)";
			};
			name = Debug;
		};
		A70FB5B41DB661DF00CA5DCE /* Release */ = {
			isa = XCBuildConfiguration;
			buildSettings = {
				ASSETCATALOG_COMPILER_APPICON_NAME = AppIcon;
				INFOPLIST_FILE = KefBytes_SortArrayOfDictionaries/Info.plist;
				LD_RUNPATH_SEARCH_PATHS = "$(inherited) @executable_path/Frameworks";
				PRODUCT_BUNDLE_IDENTIFIER = "com.kefbytes.KefBytes-SortArrayOfDictionaries";
				PRODUCT_NAME = "$(TARGET_NAME)";
			};
			name = Release;
		};
/* End XCBuildConfiguration section */

/* Begin XCConfigurationList section */
		A70FB5961DB661DF00CA5DCE /* Build configuration list for PBXProject "KefBytes_SortArrayOfDictionaries" */ = {
			isa = XCConfigurationList;
			buildConfigurations = (
				A70FB5B01DB661DF00CA5DCE /* Debug */,
				A70FB5B11DB661DF00CA5DCE /* Release */,
			);
			defaultConfigurationIsVisible = 0;
			defaultConfigurationName = Release;
		};
		A70FB5B21DB661DF00CA5DCE /* Build configuration list for PBXNativeTarget "KefBytes_SortArrayOfDictionaries" */ = {
			isa = XCConfigurationList;
			buildConfigurations = (
				A70FB5B31DB661DF00CA5DCE /* Debug */,
				A70FB5B41DB661DF00CA5DCE /* Release */,
			);
			defaultConfigurationIsVisible = 0;
		};
/* End XCConfigurationList section */
	};
	rootObject = A70FB5931DB661DF00CA5DCE /* Project object */;
}
